
Microsoft Visual Studio Solution File, Format Version 12.00
# Visual Studio Version 16
VisualStudioVersion = 16.0.30320.27
MinimumVisualStudioVersion = 10.0.40219.1
Project("{9A19103F-16F7-4668-BE54-9A1E7A4F7556}") = "MarsRover.NUTest", "MarsRover.NUTest\MarsRover.NUTest.csproj", "{0004C22A-4124-40E6-AD42-74431A4FCB62}"
EndProject
Project("{9A19103F-16F7-4668-BE54-9A1E7A4F7556}") = "MarsRover.Library", "MarsRover.Library\MarsRover.Library.csproj", "{EEE6670F-84F0-4117-9B38-839579960CA7}"
EndProject
Project("{FAE04EC0-301F-11D3-BF4B-00C04F79EFBC}") = "MarsRover.ConsoleApp", "MarsRover.ConsoleApp\MarsRover.ConsoleApp.csproj", "{364E47CE-AE00-4149-8CD0-0B8CA4194B4F}"
EndProject
Global
	GlobalSection(SolutionConfigurationPlatforms) = preSolution
		Debug|Any CPU = Debug|Any CPU
		Release|Any CPU = Release|Any CPU
	EndGlobalSection
	GlobalSection(ProjectConfigurationPlatforms) = postSolution
		{0004C22A-4124-40E6-AD42-74431A4FCB62}.Debug|Any CPU.ActiveCfg = Debug|Any CPU
		{0004C22A-4124-40E6-AD42-74431A4FCB62}.Debug|Any CPU.Build.0 = Debug|Any CPU
		{0004C22A-4124-40E6-AD42-74431A4FCB62}.Release|Any CPU.ActiveCfg = Release|Any CPU
		{0004C22A-4124-40E6-AD42-74431A4FCB62}.Release|Any CPU.Build.0 = Release|Any CPU
		{EEE6670F-84F0-4117-9B38-839579960CA7}.Debug|Any CPU.ActiveCfg = Debug|Any CPU
		{EEE6670F-84F0-4117-9B38-839579960CA7}.Debug|Any CPU.Build.0 = Debug|Any CPU
		{EEE6670F-84F0-4117-9B38-839579960CA7}.Release|Any CPU.ActiveCfg = Release|Any CPU
		{EEE6670F-84F0-4117-9B38-839579960CA7}.Release|Any CPU.Build.0 = Release|Any CPU
		{364E47CE-AE00-4149-8CD0-0B8CA4194B4F}.Debug|Any CPU.ActiveCfg = Debug|Any CPU
		{364E47CE-AE00-4149-8CD0-0B8CA4194B4F}.Debug|Any CPU.Build.0 = Debug|Any CPU
		{364E47CE-AE00-4149-8CD0-0B8CA4194B4F}.Release|Any CPU.ActiveCfg = Release|Any CPU
		{364E47CE-AE00-4149-8CD0-0B8CA4194B4F}.Release|Any CPU.Build.0 = Release|Any CPU
	EndGlobalSection
	GlobalSection(SolutionProperties) = preSolution
		HideSolutionNode = FALSE
	EndGlobalSection
	GlobalSection(ExtensibilityGlobals) = postSolution
		SolutionGuid = {93F6A1E5-05B2-4B93-B7E5-378B065A48DE}
	EndGlobalSection
EndGlobal
